
Microsoft Visual Studio Solution File, Format Version 12.00
# Visual Studio Version 17
VisualStudioVersion = 17.14.36203.30 d17.14
MinimumVisualStudioVersion = 10.0.40219.1
Project("{FAE04EC0-301F-11D3-BF4B-00C04F79EFBC}") = "Sistema_de_transporte", "Sistema_de_transporte\Sistema_de_transporte.csproj", "{03618C27-75D5-4285-B8C9-596CD3A705EA}"
EndProject
Global
	GlobalSection(SolutionConfigurationPlatforms) = preSolution
		Debug|Any CPU = Debug|Any CPU
		Release|Any CPU = Release|Any CPU
	EndGlobalSection
	GlobalSection(ProjectConfigurationPlatforms) = postSolution
		{03618C27-75D5-4285-B8C9-596CD3A705EA}.Debug|Any CPU.ActiveCfg = Debug|Any CPU
		{03618C27-75D5-4285-B8C9-596CD3A705EA}.Debug|Any CPU.Build.0 = Debug|Any CPU
		{03618C27-75D5-4285-B8C9-596CD3A705EA}.Release|Any CPU.ActiveCfg = Release|Any CPU
		{03618C27-75D5-4285-B8C9-596CD3A705EA}.Release|Any CPU.Build.0 = Release|Any CPU
	EndGlobalSection
	GlobalSection(SolutionProperties) = preSolution
		HideSolutionNode = FALSE
	EndGlobalSection
	GlobalSection(ExtensibilityGlobals) = postSolution
		SolutionGuid = {08603C99-6BA9-47F6-96FD-108229EB0A1E}
	EndGlobalSection
EndGlobal
